Microsoft Visual Studio Solution File, Format Version 12.00
# Visual Studio 15
Project("{2150E333-8FDC-42A3-9474-1A3956D46DE8}") = "CMakePredefinedTargets", "CMakePredefinedTargets", "{3FC3BEAA-DBE8-3C3B-8A92-BDEFF0794BA3}"
EndProject
Project("{2150E333-8FDC-42A3-9474-1A3956D46DE8}") = "app", "app", "{55774FD0-F10C-3D02-BA9D-014C7953ACEE}"
EndProject
Project("{2150E333-8FDC-42A3-9474-1A3956D46DE8}") = "lib", "lib", "{9A03A774-FD91-3DE4-B17A-8B6E839014B8}"
EndProject
Project("{8BC9CEB8-8B4A-11D0-8D11-00A0C91BC942}") = "ALL_BUILD", "ALL_BUILD.vcxproj", "{0BAEB51F-0FAB-362F-992C-9216B92F861E}"
	ProjectSection(ProjectDependencies) = postProject
		{9C6800D0-964E-3E13-83E9-2DD3642543FD} = {9C6800D0-964E-3E13-83E9-2DD3642543FD}
		{CFAE3915-9DA1-302B-9EC6-9ACCDFBA1141} = {CFAE3915-9DA1-302B-9EC6-9ACCDFBA1141}
		{5BDB673E-D914-3234-8E42-51C4B1BFB239} = {5BDB673E-D914-3234-8E42-51C4B1BFB239}
		{D9C12387-93B1-3137-B6D7-46C1A102784C} = {D9C12387-93B1-3137-B6D7-46C1A102784C}
		{E494C07F-6E1F-335E-8948-80560D505006} = {E494C07F-6E1F-335E-8948-80560D505006}
		{C5A375B2-50E4-3635-86F4-F15402605587} = {C5A375B2-50E4-3635-86F4-F15402605587}
		{485CB39A-02CC-3DFA-87CF-171515AEE1C3} = {485CB39A-02CC-3DFA-87CF-171515AEE1C3}
		{37BA90E7-03F8-3264-8270-6E6FE98368C7} = {37BA90E7-03F8-3264-8270-6E6FE98368C7}
		{19AD56B3-BE3E-3C3F-B3CA-C13A83CEA2EB} = {19AD56B3-BE3E-3C3F-B3CA-C13A83CEA2EB}
		{DF3851A2-3C18-3ABB-9FCC-1846A90B851C} = {DF3851A2-3C18-3ABB-9FCC-1846A90B851C}
		{8F69950E-F944-3015-9105-1722453FFEED} = {8F69950E-F944-3015-9105-1722453FFEED}
		{B569ABFF-F902-3E8B-A115-0ADF7556C936} = {B569ABFF-F902-3E8B-A115-0ADF7556C936}
	EndProjectSection
EndProject
Project("{8BC9CEB8-8B4A-11D0-8D11-00A0C91BC942}") = "CommonAnalyserLib", "source\Lib\CommonAnalyserLib\CommonAnalyserLib.vcxproj", "{9C6800D0-964E-3E13-83E9-2DD3642543FD}"
	ProjectSection(ProjectDependencies) = postProject
		{8F69950E-F944-3015-9105-1722453FFEED} = {8F69950E-F944-3015-9105-1722453FFEED}
	EndProjectSection
EndProject
Project("{8BC9CEB8-8B4A-11D0-8D11-00A0C91BC942}") = "CommonLib", "source\Lib\CommonLib\CommonLib.vcxproj", "{CFAE3915-9DA1-302B-9EC6-9ACCDFBA1141}"
	ProjectSection(ProjectDependencies) = postProject
		{8F69950E-F944-3015-9105-1722453FFEED} = {8F69950E-F944-3015-9105-1722453FFEED}
	EndProjectSection
EndProject
Project("{8BC9CEB8-8B4A-11D0-8D11-00A0C91BC942}") = "DecoderAnalyserApp", "source\App\DecoderAnalyserApp\DecoderAnalyserApp.vcxproj", "{5BDB673E-D914-3234-8E42-51C4B1BFB239}"
	ProjectSection(ProjectDependencies) = postProject
		{9C6800D0-964E-3E13-83E9-2DD3642543FD} = {9C6800D0-964E-3E13-83E9-2DD3642543FD}
		{D9C12387-93B1-3137-B6D7-46C1A102784C} = {D9C12387-93B1-3137-B6D7-46C1A102784C}
		{DF3851A2-3C18-3ABB-9FCC-1846A90B851C} = {DF3851A2-3C18-3ABB-9FCC-1846A90B851C}
		{8F69950E-F944-3015-9105-1722453FFEED} = {8F69950E-F944-3015-9105-1722453FFEED}
	EndProjectSection
EndProject
Project("{8BC9CEB8-8B4A-11D0-8D11-00A0C91BC942}") = "DecoderAnalyserLib", "source\Lib\DecoderAnalyserLib\DecoderAnalyserLib.vcxproj", "{D9C12387-93B1-3137-B6D7-46C1A102784C}"
	ProjectSection(ProjectDependencies) = postProject
		{9C6800D0-964E-3E13-83E9-2DD3642543FD} = {9C6800D0-964E-3E13-83E9-2DD3642543FD}
		{8F69950E-F944-3015-9105-1722453FFEED} = {8F69950E-F944-3015-9105-1722453FFEED}
	EndProjectSection
EndProject
Project("{8BC9CEB8-8B4A-11D0-8D11-00A0C91BC942}") = "DecoderApp", "source\App\DecoderApp\DecoderApp.vcxproj", "{E494C07F-6E1F-335E-8948-80560D505006}"
	ProjectSection(ProjectDependencies) = postProject
		{CFAE3915-9DA1-302B-9EC6-9ACCDFBA1141} = {CFAE3915-9DA1-302B-9EC6-9ACCDFBA1141}
		{C5A375B2-50E4-3635-86F4-F15402605587} = {C5A375B2-50E4-3635-86F4-F15402605587}
		{DF3851A2-3C18-3ABB-9FCC-1846A90B851C} = {DF3851A2-3C18-3ABB-9FCC-1846A90B851C}
		{8F69950E-F944-3015-9105-1722453FFEED} = {8F69950E-F944-3015-9105-1722453FFEED}
	EndProjectSection
EndProject
Project("{8BC9CEB8-8B4A-11D0-8D11-00A0C91BC942}") = "DecoderLib", "source\Lib\DecoderLib\DecoderLib.vcxproj", "{C5A375B2-50E4-3635-86F4-F15402605587}"
	ProjectSection(ProjectDependencies) = postProject
		{CFAE3915-9DA1-302B-9EC6-9ACCDFBA1141} = {CFAE3915-9DA1-302B-9EC6-9ACCDFBA1141}
		{8F69950E-F944-3015-9105-1722453FFEED} = {8F69950E-F944-3015-9105-1722453FFEED}
	EndProjectSection
EndProject
Project("{8BC9CEB8-8B4A-11D0-8D11-00A0C91BC942}") = "EncoderApp", "source\App\EncoderApp\EncoderApp.vcxproj", "{485CB39A-02CC-3DFA-87CF-171515AEE1C3}"
	ProjectSection(ProjectDependencies) = postProject
		{CFAE3915-9DA1-302B-9EC6-9ACCDFBA1141} = {CFAE3915-9DA1-302B-9EC6-9ACCDFBA1141}
		{C5A375B2-50E4-3635-86F4-F15402605587} = {C5A375B2-50E4-3635-86F4-F15402605587}
		{37BA90E7-03F8-3264-8270-6E6FE98368C7} = {37BA90E7-03F8-3264-8270-6E6FE98368C7}
		{DF3851A2-3C18-3ABB-9FCC-1846A90B851C} = {DF3851A2-3C18-3ABB-9FCC-1846A90B851C}
		{8F69950E-F944-3015-9105-1722453FFEED} = {8F69950E-F944-3015-9105-1722453FFEED}
	EndProjectSection
EndProject
Project("{8BC9CEB8-8B4A-11D0-8D11-00A0C91BC942}") = "EncoderLib", "source\Lib\EncoderLib\EncoderLib.vcxproj", "{37BA90E7-03F8-3264-8270-6E6FE98368C7}"
	ProjectSection(ProjectDependencies) = postProject
		{CFAE3915-9DA1-302B-9EC6-9ACCDFBA1141} = {CFAE3915-9DA1-302B-9EC6-9ACCDFBA1141}
		{8F69950E-F944-3015-9105-1722453FFEED} = {8F69950E-F944-3015-9105-1722453FFEED}
	EndProjectSection
EndProject
Project("{8BC9CEB8-8B4A-11D0-8D11-00A0C91BC942}") = "SEIRemovalApp", "source\App\SEIRemovalApp\SEIRemovalApp.vcxproj", "{19AD56B3-BE3E-3C3F-B3CA-C13A83CEA2EB}"
	ProjectSection(ProjectDependencies) = postProject
		{CFAE3915-9DA1-302B-9EC6-9ACCDFBA1141} = {CFAE3915-9DA1-302B-9EC6-9ACCDFBA1141}
		{C5A375B2-50E4-3635-86F4-F15402605587} = {C5A375B2-50E4-3635-86F4-F15402605587}
		{DF3851A2-3C18-3ABB-9FCC-1846A90B851C} = {DF3851A2-3C18-3ABB-9FCC-1846A90B851C}
		{8F69950E-F944-3015-9105-1722453FFEED} = {8F69950E-F944-3015-9105-1722453FFEED}
	EndProjectSection
EndProject
Project("{8BC9CEB8-8B4A-11D0-8D11-00A0C91BC942}") = "Utilities", "source\Lib\Utilities\Utilities.vcxproj", "{DF3851A2-3C18-3ABB-9FCC-1846A90B851C}"
	ProjectSection(ProjectDependencies) = postProject
		{8F69950E-F944-3015-9105-1722453FFEED} = {8F69950E-F944-3015-9105-1722453FFEED}
	EndProjectSection
EndProject
Project("{8BC9CEB8-8B4A-11D0-8D11-00A0C91BC942}") = "ZERO_CHECK", "ZERO_CHECK.vcxproj", "{8F69950E-F944-3015-9105-1722453FFEED}"
	ProjectSection(ProjectDependencies) = postProject
	EndProjectSection
EndProject
Project("{8BC9CEB8-8B4A-11D0-8D11-00A0C91BC942}") = "parcat", "source\App\Parcat\parcat.vcxproj", "{B569ABFF-F902-3E8B-A115-0ADF7556C936}"
	ProjectSection(ProjectDependencies) = postProject
		{8F69950E-F944-3015-9105-1722453FFEED} = {8F69950E-F944-3015-9105-1722453FFEED}
	EndProjectSection
EndProject
Global
	GlobalSection(SolutionConfigurationPlatforms) = preSolution
		Debug|x64 = Debug|x64
		Release|x64 = Release|x64
		MinSizeRel|x64 = MinSizeRel|x64
		RelWithDebInfo|x64 = RelWithDebInfo|x64
	EndGlobalSection
	GlobalSection(ProjectConfigurationPlatforms) = postSolution
		{0BAEB51F-0FAB-362F-992C-9216B92F861E}.Debug|x64.ActiveCfg = Debug|x64
		{0BAEB51F-0FAB-362F-992C-9216B92F861E}.Release|x64.ActiveCfg = Release|x64
		{0BAEB51F-0FAB-362F-992C-9216B92F861E}.MinSizeRel|x64.ActiveCfg = MinSizeRel|x64
		{0BAEB51F-0FAB-362F-992C-9216B92F861E}.RelWithDebInfo|x64.ActiveCfg = RelWithDebInfo|x64
		{9C6800D0-964E-3E13-83E9-2DD3642543FD}.Debug|x64.ActiveCfg = Debug|x64
		{9C6800D0-964E-3E13-83E9-2DD3642543FD}.Debug|x64.Build.0 = Debug|x64
		{9C6800D0-964E-3E13-83E9-2DD3642543FD}.Release|x64.ActiveCfg = Release|x64
		{9C6800D0-964E-3E13-83E9-2DD3642543FD}.Release|x64.Build.0 = Release|x64
		{9C6800D0-964E-3E13-83E9-2DD3642543FD}.MinSizeRel|x64.ActiveCfg = MinSizeRel|x64
		{9C6800D0-964E-3E13-83E9-2DD3642543FD}.MinSizeRel|x64.Build.0 = MinSizeRel|x64
		{9C6800D0-964E-3E13-83E9-2DD3642543FD}.RelWithDebInfo|x64.ActiveCfg = RelWithDebInfo|x64
		{9C6800D0-964E-3E13-83E9-2DD3642543FD}.RelWithDebInfo|x64.Build.0 = RelWithDebInfo|x64
		{CFAE3915-9DA1-302B-9EC6-9ACCDFBA1141}.Debug|x64.ActiveCfg = Debug|x64
		{CFAE3915-9DA1-302B-9EC6-9ACCDFBA1141}.Debug|x64.Build.0 = Debug|x64
		{CFAE3915-9DA1-302B-9EC6-9ACCDFBA1141}.Release|x64.ActiveCfg = Release|x64
		{CFAE3915-9DA1-302B-9EC6-9ACCDFBA1141}.Release|x64.Build.0 = Release|x64
		{CFAE3915-9DA1-302B-9EC6-9ACCDFBA1141}.MinSizeRel|x64.ActiveCfg = MinSizeRel|x64
		{CFAE3915-9DA1-302B-9EC6-9ACCDFBA1141}.MinSizeRel|x64.Build.0 = MinSizeRel|x64
		{CFAE3915-9DA1-302B-9EC6-9ACCDFBA1141}.RelWithDebInfo|x64.ActiveCfg = RelWithDebInfo|x64
		{CFAE3915-9DA1-302B-9EC6-9ACCDFBA1141}.RelWithDebInfo|x64.Build.0 = RelWithDebInfo|x64
		{5BDB673E-D914-3234-8E42-51C4B1BFB239}.Debug|x64.ActiveCfg = Debug|x64
		{5BDB673E-D914-3234-8E42-51C4B1BFB239}.Debug|x64.Build.0 = Debug|x64
		{5BDB673E-D914-3234-8E42-51C4B1BFB239}.Release|x64.ActiveCfg = Release|x64
		{5BDB673E-D914-3234-8E42-51C4B1BFB239}.Release|x64.Build.0 = Release|x64
		{5BDB673E-D914-3234-8E42-51C4B1BFB239}.MinSizeRel|x64.ActiveCfg = MinSizeRel|x64
		{5BDB673E-D914-3234-8E42-51C4B1BFB239}.MinSizeRel|x64.Build.0 = MinSizeRel|x64
		{5BDB673E-D914-3234-8E42-51C4B1BFB239}.RelWithDebInfo|x64.ActiveCfg = RelWithDebInfo|x64
		{5BDB673E-D914-3234-8E42-51C4B1BFB239}.RelWithDebInfo|x64.Build.0 = RelWithDebInfo|x64
		{D9C12387-93B1-3137-B6D7-46C1A102784C}.Debug|x64.ActiveCfg = Debug|x64
		{D9C12387-93B1-3137-B6D7-46C1A102784C}.Debug|x64.Build.0 = Debug|x64
		{D9C12387-93B1-3137-B6D7-46C1A102784C}.Release|x64.ActiveCfg = Release|x64
		{D9C12387-93B1-3137-B6D7-46C1A102784C}.Release|x64.Build.0 = Release|x64
		{D9C12387-93B1-3137-B6D7-46C1A102784C}.MinSizeRel|x64.ActiveCfg = MinSizeRel|x64
		{D9C12387-93B1-3137-B6D7-46C1A102784C}.MinSizeRel|x64.Build.0 = MinSizeRel|x64
		{D9C12387-93B1-3137-B6D7-46C1A102784C}.RelWithDebInfo|x64.ActiveCfg = RelWithDebInfo|x64
		{D9C12387-93B1-3137-B6D7-46C1A102784C}.RelWithDebInfo|x64.Build.0 = RelWithDebInfo|x64
		{E494C07F-6E1F-335E-8948-80560D505006}.Debug|x64.ActiveCfg = Debug|x64
		{E494C07F-6E1F-335E-8948-80560D505006}.Debug|x64.Build.0 = Debug|x64
		{E494C07F-6E1F-335E-8948-80560D505006}.Release|x64.ActiveCfg = Release|x64
		{E494C07F-6E1F-335E-8948-80560D505006}.Release|x64.Build.0 = Release|x64
		{E494C07F-6E1F-335E-8948-80560D505006}.MinSizeRel|x64.ActiveCfg = MinSizeRel|x64
		{E494C07F-6E1F-335E-8948-80560D505006}.MinSizeRel|x64.Build.0 = MinSizeRel|x64
		{E494C07F-6E1F-335E-8948-80560D505006}.RelWithDebInfo|x64.ActiveCfg = RelWithDebInfo|x64
		{E494C07F-6E1F-335E-8948-80560D505006}.RelWithDebInfo|x64.Build.0 = RelWithDebInfo|x64
		{C5A375B2-50E4-3635-86F4-F15402605587}.Debug|x64.ActiveCfg = Debug|x64
		{C5A375B2-50E4-3635-86F4-F15402605587}.Debug|x64.Build.0 = Debug|x64
		{C5A375B2-50E4-3635-86F4-F15402605587}.Release|x64.ActiveCfg = Release|x64
		{C5A375B2-50E4-3635-86F4-F15402605587}.Release|x64.Build.0 = Release|x64
		{C5A375B2-50E4-3635-86F4-F15402605587}.MinSizeRel|x64.ActiveCfg = MinSizeRel|x64
		{C5A375B2-50E4-3635-86F4-F15402605587}.MinSizeRel|x64.Build.0 = MinSizeRel|x64
		{C5A375B2-50E4-3635-86F4-F15402605587}.RelWithDebInfo|x64.ActiveCfg = RelWithDebInfo|x64
		{C5A375B2-50E4-3635-86F4-F15402605587}.RelWithDebInfo|x64.Build.0 = RelWithDebInfo|x64
		{485CB39A-02CC-3DFA-87CF-171515AEE1C3}.Debug|x64.ActiveCfg = Debug|x64
		{485CB39A-02CC-3DFA-87CF-171515AEE1C3}.Debug|x64.Build.0 = Debug|x64
		{485CB39A-02CC-3DFA-87CF-171515AEE1C3}.Release|x64.ActiveCfg = Release|x64
		{485CB39A-02CC-3DFA-87CF-171515AEE1C3}.Release|x64.Build.0 = Release|x64
		{485CB39A-02CC-3DFA-87CF-171515AEE1C3}.MinSizeRel|x64.ActiveCfg = MinSizeRel|x64
		{485CB39A-02CC-3DFA-87CF-171515AEE1C3}.MinSizeRel|x64.Build.0 = MinSizeRel|x64
		{485CB39A-02CC-3DFA-87CF-171515AEE1C3}.RelWithDebInfo|x64.ActiveCfg = RelWithDebInfo|x64
		{485CB39A-02CC-3DFA-87CF-171515AEE1C3}.RelWithDebInfo|x64.Build.0 = RelWithDebInfo|x64
		{37BA90E7-03F8-3264-8270-6E6FE98368C7}.Debug|x64.ActiveCfg = Debug|x64
		{37BA90E7-03F8-3264-8270-6E6FE98368C7}.Debug|x64.Build.0 = Debug|x64
		{37BA90E7-03F8-3264-8270-6E6FE98368C7}.Release|x64.ActiveCfg = Release|x64
		{37BA90E7-03F8-3264-8270-6E6FE98368C7}.Release|x64.Build.0 = Release|x64
		{37BA90E7-03F8-3264-8270-6E6FE98368C7}.MinSizeRel|x64.ActiveCfg = MinSizeRel|x64
		{37BA90E7-03F8-3264-8270-6E6FE98368C7}.MinSizeRel|x64.Build.0 = MinSizeRel|x64
		{37BA90E7-03F8-3264-8270-6E6FE98368C7}.RelWithDebInfo|x64.ActiveCfg = RelWithDebInfo|x64
		{37BA90E7-03F8-3264-8270-6E6FE98368C7}.RelWithDebInfo|x64.Build.0 = RelWithDebInfo|x64
		{19AD56B3-BE3E-3C3F-B3CA-C13A83CEA2EB}.Debug|x64.ActiveCfg = Debug|x64
		{19AD56B3-BE3E-3C3F-B3CA-C13A83CEA2EB}.Debug|x64.Build.0 = Debug|x64
		{19AD56B3-BE3E-3C3F-B3CA-C13A83CEA2EB}.Release|x64.ActiveCfg = Release|x64
		{19AD56B3-BE3E-3C3F-B3CA-C13A83CEA2EB}.Release|x64.Build.0 = Release|x64
		{19AD56B3-BE3E-3C3F-B3CA-C13A83CEA2EB}.MinSizeRel|x64.ActiveCfg = MinSizeRel|x64
		{19AD56B3-BE3E-3C3F-B3CA-C13A83CEA2EB}.MinSizeRel|x64.Build.0 = MinSizeRel|x64
		{19AD56B3-BE3E-3C3F-B3CA-C13A83CEA2EB}.RelWithDebInfo|x64.ActiveCfg = RelWithDebInfo|x64
		{19AD56B3-BE3E-3C3F-B3CA-C13A83CEA2EB}.RelWithDebInfo|x64.Build.0 = RelWithDebInfo|x64
		{DF3851A2-3C18-3ABB-9FCC-1846A90B851C}.Debug|x64.ActiveCfg = Debug|x64
		{DF3851A2-3C18-3ABB-9FCC-1846A90B851C}.Debug|x64.Build.0 = Debug|x64
		{DF3851A2-3C18-3ABB-9FCC-1846A90B851C}.Release|x64.ActiveCfg = Release|x64
		{DF3851A2-3C18-3ABB-9FCC-1846A90B851C}.Release|x64.Build.0 = Release|x64
		{DF3851A2-3C18-3ABB-9FCC-1846A90B851C}.MinSizeRel|x64.ActiveCfg = MinSizeRel|x64
		{DF3851A2-3C18-3ABB-9FCC-1846A90B851C}.MinSizeRel|x64.Build.0 = MinSizeRel|x64
		{DF3851A2-3C18-3ABB-9FCC-1846A90B851C}.RelWithDebInfo|x64.ActiveCfg = RelWithDebInfo|x64
		{DF3851A2-3C18-3ABB-9FCC-1846A90B851C}.RelWithDebInfo|x64.Build.0 = RelWithDebInfo|x64
		{8F69950E-F944-3015-9105-1722453FFEED}.Debug|x64.ActiveCfg = Debug|x64
		{8F69950E-F944-3015-9105-1722453FFEED}.Debug|x64.Build.0 = Debug|x64
		{8F69950E-F944-3015-9105-1722453FFEED}.Release|x64.ActiveCfg = Release|x64
		{8F69950E-F944-3015-9105-1722453FFEED}.Release|x64.Build.0 = Release|x64
		{8F69950E-F944-3015-9105-1722453FFEED}.MinSizeRel|x64.ActiveCfg = MinSizeRel|x64
		{8F69950E-F944-3015-9105-1722453FFEED}.MinSizeRel|x64.Build.0 = MinSizeRel|x64
		{8F69950E-F944-3015-9105-1722453FFEED}.RelWithDebInfo|x64.ActiveCfg = RelWithDebInfo|x64
		{8F69950E-F944-3015-9105-1722453FFEED}.RelWithDebInfo|x64.Build.0 = RelWithDebInfo|x64
		{B569ABFF-F902-3E8B-A115-0ADF7556C936}.Debug|x64.ActiveCfg = Debug|x64
		{B569ABFF-F902-3E8B-A115-0ADF7556C936}.Debug|x64.Build.0 = Debug|x64
		{B569ABFF-F902-3E8B-A115-0ADF7556C936}.Release|x64.ActiveCfg = Release|x64
		{B569ABFF-F902-3E8B-A115-0ADF7556C936}.Release|x64.Build.0 = Release|x64
		{B569ABFF-F902-3E8B-A115-0ADF7556C936}.MinSizeRel|x64.ActiveCfg = MinSizeRel|x64
		{B569ABFF-F902-3E8B-A115-0ADF7556C936}.MinSizeRel|x64.Build.0 = MinSizeRel|x64
		{B569ABFF-F902-3E8B-A115-0ADF7556C936}.RelWithDebInfo|x64.ActiveCfg = RelWithDebInfo|x64
		{B569ABFF-F902-3E8B-A115-0ADF7556C936}.RelWithDebInfo|x64.Build.0 = RelWithDebInfo|x64
	EndGlobalSection
	GlobalSection(NestedProjects) = preSolution
		{0BAEB51F-0FAB-362F-992C-9216B92F861E} = {3FC3BEAA-DBE8-3C3B-8A92-BDEFF0794BA3}
		{8F69950E-F944-3015-9105-1722453FFEED} = {3FC3BEAA-DBE8-3C3B-8A92-BDEFF0794BA3}
		{5BDB673E-D914-3234-8E42-51C4B1BFB239} = {55774FD0-F10C-3D02-BA9D-014C7953ACEE}
		{E494C07F-6E1F-335E-8948-80560D505006} = {55774FD0-F10C-3D02-BA9D-014C7953ACEE}
		{485CB39A-02CC-3DFA-87CF-171515AEE1C3} = {55774FD0-F10C-3D02-BA9D-014C7953ACEE}
		{19AD56B3-BE3E-3C3F-B3CA-C13A83CEA2EB} = {55774FD0-F10C-3D02-BA9D-014C7953ACEE}
		{B569ABFF-F902-3E8B-A115-0ADF7556C936} = {55774FD0-F10C-3D02-BA9D-014C7953ACEE}
		{9C6800D0-964E-3E13-83E9-2DD3642543FD} = {9A03A774-FD91-3DE4-B17A-8B6E839014B8}
		{CFAE3915-9DA1-302B-9EC6-9ACCDFBA1141} = {9A03A774-FD91-3DE4-B17A-8B6E839014B8}
		{D9C12387-93B1-3137-B6D7-46C1A102784C} = {9A03A774-FD91-3DE4-B17A-8B6E839014B8}
		{C5A375B2-50E4-3635-86F4-F15402605587} = {9A03A774-FD91-3DE4-B17A-8B6E839014B8}
		{37BA90E7-03F8-3264-8270-6E6FE98368C7} = {9A03A774-FD91-3DE4-B17A-8B6E839014B8}
		{DF3851A2-3C18-3ABB-9FCC-1846A90B851C} = {9A03A774-FD91-3DE4-B17A-8B6E839014B8}
	EndGlobalSection
	GlobalSection(ExtensibilityGlobals) = postSolution
		SolutionGuid = {A224DAAF-D759-3282-9B3D-0ADA6D15D5C3}
	EndGlobalSection
	GlobalSection(ExtensibilityAddIns) = postSolution
	EndGlobalSection
EndGlobal
